
Microsoft Visual Studio Solution File, Format Version 12.00
# Visual Studio Version 17
VisualStudioVersion = 17.3.32519.111
MinimumVisualStudioVersion = 10.0.40219.1
Project("{FAE04EC0-301F-11D3-BF4B-00C04F79EFBC}") = "Hoyo.Ocr", "Hoyo.Ocr\Hoyo.Ocr.csproj", "{F46C5B79-B96F-4EEC-8D92-D2ECFF390174}"
EndProject
Project("{FAE04EC0-301F-11D3-BF4B-00C04F79EFBC}") = "Hoyo.OcrServer", "Hoyo.OcrServer\Hoyo.OcrServer.csproj", "{6A12B1EC-CE21-4EF3-8D86-5DD9B65555B8}"
EndProject
Global
	GlobalSection(SolutionConfigurationPlatforms) = preSolution
		Debug|Any CPU = Debug|Any CPU
		Release|Any CPU = Release|Any CPU
	EndGlobalSection
	GlobalSection(ProjectConfigurationPlatforms) = postSolution
		{F46C5B79-B96F-4EEC-8D92-D2ECFF390174}.Debug|Any CPU.ActiveCfg = Debug|Any CPU
		{F46C5B79-B96F-4EEC-8D92-D2ECFF390174}.Debug|Any CPU.Build.0 = Debug|Any CPU
		{F46C5B79-B96F-4EEC-8D92-D2ECFF390174}.Release|Any CPU.ActiveCfg = Release|Any CPU
		{F46C5B79-B96F-4EEC-8D92-D2ECFF390174}.Release|Any CPU.Build.0 = Release|Any CPU
		{6A12B1EC-CE21-4EF3-8D86-5DD9B65555B8}.Debug|Any CPU.ActiveCfg = Debug|Any CPU
		{6A12B1EC-CE21-4EF3-8D86-5DD9B65555B8}.Debug|Any CPU.Build.0 = Debug|Any CPU
		{6A12B1EC-CE21-4EF3-8D86-5DD9B65555B8}.Release|Any CPU.ActiveCfg = Release|Any CPU
		{6A12B1EC-CE21-4EF3-8D86-5DD9B65555B8}.Release|Any CPU.Build.0 = Release|Any CPU
	EndGlobalSection
	GlobalSection(SolutionProperties) = preSolution
		HideSolutionNode = FALSE
	EndGlobalSection
	GlobalSection(ExtensibilityGlobals) = postSolution
		SolutionGuid = {7DB4AA48-716F-415F-AFB4-C77706EE2D07}
	EndGlobalSection
EndGlobal
